{
    "_meta": {
        "hash": {
            "sha256": "f4edf227b3f5a01fb2c283666ae9baed173d136caf981c356fbfdf2fef5ca131"
        },
        "pipfile-spec": 6,
        "requires": {
            "python_version": "3.11"
        },
        "sources": [
            {
                "name": "pypi",
                "url": "https://pypi.org/simple",
                "verify_ssl": true
            }
        ]
    },
    "default": {
        "pyro5": {
            "hashes": [
                "sha256:523f7c38d30b62339f33f21816fa6f995d44825c298695755c013989d7d61490",
                "sha256:64fdce137b0fe532e88614d246b7c98bbe0a4f426786c524539acdc5e694086a"
            ],
            "index": "pypi",
            "version": "==5.14"
        },
        "serpent": {
            "hashes": [
                "sha256:0407035fe3c6644387d48cff1467d5aa9feff814d07372b78677ed0ee3ed7095",
                "sha256:5fd776b3420441985bc10679564c2c9b4a19f77bea59f018e473441d98ae5dd7"
            ],
            "markers": "python_version >= '3.2'",
            "version": "==1.41"
        }
    },
    "develop": {}
}
